
Microsoft Visual Studio Solution File, Format Version 12.00
# Visual Studio Version 17
VisualStudioVersion = 17.0.31903.59
MinimumVisualStudioVersion = 10.0.40219.1
Project("{FAE04EC0-301F-11D3-BF4B-00C04F79EFBC}") = "BridgeBot", "BridgeBot\BridgeBot.csproj", "{76FF726F-330B-41C4-A214-60C29EFDCDF6}"
EndProject
Project("{FAE04EC0-301F-11D3-BF4B-00C04F79EFBC}") = "BrainBashersSolver.Common", "BrainBashersSolver.Common\BrainBashersSolver.Common.csproj", "{869EA760-17D7-4FEF-905B-C2CFDA211D69}"
EndProject
Project("{FAE04EC0-301F-11D3-BF4B-00C04F79EFBC}") = "BridgeSolver", "BridgeSolver\BridgeSolver.csproj", "{A5972BAA-5B13-4EF8-AD3F-BAE7BB113C98}"
EndProject
Project("{2150E333-8FDC-42A3-9474-1A3956D46DE8}") = "Solution Items", "Solution Items", "{02EA681E-C7D8-13C7-8484-4AC65E1B71E8}"
	ProjectSection(SolutionItems) = preProject
		.editorconfig = .editorconfig
	EndProjectSection
EndProject
Global
	GlobalSection(SolutionConfigurationPlatforms) = preSolution
		Debug|Any CPU = Debug|Any CPU
		Release|Any CPU = Release|Any CPU
	EndGlobalSection
	GlobalSection(ProjectConfigurationPlatforms) = postSolution
		{76FF726F-330B-41C4-A214-60C29EFDCDF6}.Debug|Any CPU.ActiveCfg = Debug|Any CPU
		{76FF726F-330B-41C4-A214-60C29EFDCDF6}.Debug|Any CPU.Build.0 = Debug|Any CPU
		{76FF726F-330B-41C4-A214-60C29EFDCDF6}.Release|Any CPU.ActiveCfg = Release|Any CPU
		{76FF726F-330B-41C4-A214-60C29EFDCDF6}.Release|Any CPU.Build.0 = Release|Any CPU
		{869EA760-17D7-4FEF-905B-C2CFDA211D69}.Debug|Any CPU.ActiveCfg = Debug|Any CPU
		{869EA760-17D7-4FEF-905B-C2CFDA211D69}.Debug|Any CPU.Build.0 = Debug|Any CPU
		{869EA760-17D7-4FEF-905B-C2CFDA211D69}.Release|Any CPU.ActiveCfg = Release|Any CPU
		{869EA760-17D7-4FEF-905B-C2CFDA211D69}.Release|Any CPU.Build.0 = Release|Any CPU
		{A5972BAA-5B13-4EF8-AD3F-BAE7BB113C98}.Debug|Any CPU.ActiveCfg = Debug|Any CPU
		{A5972BAA-5B13-4EF8-AD3F-BAE7BB113C98}.Debug|Any CPU.Build.0 = Debug|Any CPU
		{A5972BAA-5B13-4EF8-AD3F-BAE7BB113C98}.Release|Any CPU.ActiveCfg = Release|Any CPU
		{A5972BAA-5B13-4EF8-AD3F-BAE7BB113C98}.Release|Any CPU.Build.0 = Release|Any CPU
	EndGlobalSection
	GlobalSection(SolutionProperties) = preSolution
		HideSolutionNode = FALSE
	EndGlobalSection
	GlobalSection(ExtensibilityGlobals) = postSolution
		SolutionGuid = {432C6410-D820-4B7C-8790-8CAA00DFE5E5}
	EndGlobalSection
EndGlobal
